
Microsoft Visual Studio Solution File, Format Version 12.00
# Visual Studio for Mac
Project("{FAE04EC0-301F-11D3-BF4B-00C04F79EFBC}") = "Unity_planetarium", "Assembly-CSharp.csproj", "{DBB4F435-DC24-7789-E4C3-C6E09BBDC153}"
EndProject
Project("{FAE04EC0-301F-11D3-BF4B-00C04F79EFBC}") = "Unity_planetarium", "Assembly-CSharp-Editor.csproj", "{AA78503F-6B9E-42E5-7FF0-31590902A46C}"
EndProject
Global
	GlobalSection(SolutionConfigurationPlatforms) = preSolution
		Debug|Any CPU = Debug|Any CPU
		Release|Any CPU = Release|Any CPU
	EndGlobalSection
	GlobalSection(ProjectConfigurationPlatforms) = postSolution
		{DBB4F435-DC24-7789-E4C3-C6E09BBDC153}.Debug|Any CPU.ActiveCfg = Debug|Any CPU
		{DBB4F435-DC24-7789-E4C3-C6E09BBDC153}.Debug|Any CPU.Build.0 = Debug|Any CPU
		{DBB4F435-DC24-7789-E4C3-C6E09BBDC153}.Release|Any CPU.ActiveCfg = Release|Any CPU
		{DBB4F435-DC24-7789-E4C3-C6E09BBDC153}.Release|Any CPU.Build.0 = Release|Any CPU
		{AA78503F-6B9E-42E5-7FF0-31590902A46C}.Debug|Any CPU.ActiveCfg = Debug|Any CPU
		{AA78503F-6B9E-42E5-7FF0-31590902A46C}.Debug|Any CPU.Build.0 = Debug|Any CPU
		{AA78503F-6B9E-42E5-7FF0-31590902A46C}.Release|Any CPU.ActiveCfg = Release|Any CPU
		{AA78503F-6B9E-42E5-7FF0-31590902A46C}.Release|Any CPU.Build.0 = Release|Any CPU
	EndGlobalSection
	GlobalSection(SolutionProperties) = preSolution
		HideSolutionNode = FALSE
	EndGlobalSection
EndGlobal
